schema: "2.0"
stages:
  data_ingestion:
    cmd: python src\DeepCNNClassifier\pipeline\stage_01_data_ingestion.py
    deps:
      - path: configs/config.yaml
        md5: b916ecc8cf38afa7345398d9cfa9bdbe
        size: 827
      - path: src\DeepCNNClassifier\pipeline\stage_01_data_ingestion.py
        md5: 7a16c1ed6f1d763c56e48fb3540b6d05
        size: 709
    outs:
      - path: artifacts\data_ingestion\PetImages
        md5: 3a5cf86541f22c236620ce5b952ad684.dir
        size: 848866410
        nfiles: 24998
