schema: '2.0'
stages:
  data_ingestion:
    cmd: python src/DeepCNNClassifier/pipeline/stage_01_data_ingestion.py
    deps:
    - path: configs/config.yaml
      md5: b916ecc8cf38afa7345398d9cfa9bdbe
      size: 806
    - path: src/DeepCNNClassifier/pipeline/stage_01_data_ingestion.py
      md5: 7a16c1ed6f1d763c56e48fb3540b6d05
      size: 685
    outs:
    - path: artifacts/data_ingestion/PetImages
      md5: 3a5cf86541f22c236620ce5b952ad684.dir
      size: 848866410
      nfiles: 24998
  prepare_base_model:
    cmd: python src/DeepCNNClassifier/pipeline/stage_02_prepare_base_model.py
    deps:
    - path: configs/config.yaml
      md5: b916ecc8cf38afa7345398d9cfa9bdbe
      size: 806
    - path: src/DeepCNNClassifier/pipeline/stage_02_prepare_base_model.py
      md5: 24e78577c7615967760a306f71ab68e0
      size: 691
    params:
      params.yaml:
        CLASSES: 2
        IMAGE_SIZE:
        - 224
        - 224
        - 3
        INCLUDE_TOP: false
        LEARNING_RATE: 0.01
        WEIGHTS: imagenet
    outs:
    - path: artifacts/prepare_base_model
      md5: 022428d01d447ff1d4762bc40fd4a2c2.dir
      size: 118053368
      nfiles: 2
  training:
    cmd: python src/DeepCNNClassifier/pipeline/stage_03_training.py
    deps:
    - path: artifacts/data_ingestion/PetImages
      md5: 3a5cf86541f22c236620ce5b952ad684.dir
      size: 848866410
      nfiles: 24998
    - path: artifacts/prepare_base_model
      md5: 022428d01d447ff1d4762bc40fd4a2c2.dir
      size: 118053368
      nfiles: 2
    - path: configs/config.yaml
      md5: b916ecc8cf38afa7345398d9cfa9bdbe
      size: 806
    - path: src/DeepCNNClassifier/component/prepare_callback.py
      md5: c8630732748e3e3602cb72a0ad450872
      size: 887
    - path: src/DeepCNNClassifier/pipeline/stage_03_training.py
      md5: d6bffe74eeeff4a10346e3445aff4468
      size: 1071
    params:
      params.yaml:
        AUGMENTATION: true
        BATCH_SIZE: 16
        EPOCHS: 1
        IMAGE_SIZE:
        - 224
        - 224
        - 3
    outs:
    - path: artifacts/training/model.h5
      md5: d2917dc90ac0e26283db309f1836fbe6
      size: 59135136
  evaluation:
    cmd: python src/DeepCNNClassifier/pipeline/stage_04_evaluation.py
    deps:
    - path: artifacts/data_ingestion/PetImages
      md5: 3a5cf86541f22c236620ce5b952ad684.dir
      size: 848866410
      nfiles: 24998
    - path: artifacts/training/model.h5
      md5: d2917dc90ac0e26283db309f1836fbe6
      size: 59135136
    - path: configs/config.yaml
      md5: b916ecc8cf38afa7345398d9cfa9bdbe
      size: 806
    - path: src/DeepCNNClassifier/pipeline/stage_04_evaluation.py
      md5: 3050a3f8c80780c5dc7aa19ca4ef423d
      size: 686
    params:
      params.yaml:
        BATCH_SIZE: 16
        IMAGE_SIZE:
        - 224
        - 224
        - 3
    outs:
    - path: scores.json
      md5: 70c9f063fac65960646059ae76390dfc
      size: 71
